# This file is generated by running "yarn install" inside your project.
# Manual changes might be lost - proceed with caution!

__metadata:
  version: 9
  cacheKey: 10c0

"@eslint-community/eslint-utils@npm:^4.9.1":
  version: 4.9.1
  resolution: "@eslint-community/eslint-utils@npm:4.9.1"
  dependencies:
    eslint-visitor-keys: "npm:^3.4.3"
  peerDependencies:
    eslint: ^6.0.0 || ^7.0.0 || >=8.0.0
  checksum: 10c0/dc4ab5e3e364ef27e33666b11f4b86e1a6c1d7cbf16f0c6ff87b1619b3562335e9201a3d6ce806221887ff780ec9d828962a290bb910759fd40a674686503f02
  languageName: node
  linkType: hard

"eslint-visitor-keys@npm:^3.4.3":
  version: 3.4.3
  resolution: "eslint-visitor-keys@npm:3.4.3"
  checksum: 10c0/92708e882c0a5ffd88c23c0b404ac1628cf20104a108c745f240a13c332a11aac54f49a22d5762efbffc18ecbc9a580d1b7ad034bf5f3cc3307e5cbff2ec9820
  languageName: node
  linkType: hard

"fixtures-invalid-direct-peer-dependencies@workspace:.":
  version: 0.0.0-use.local
  resolution: "fixtures-invalid-direct-peer-dependencies@workspace:."
  dependencies:
    "@eslint-community/eslint-utils": "npm:^4.9.1"
  languageName: unknown
  linkType: soft
