# This file is generated by running "yarn install" inside your project.
# Manual changes might be lost - proceed with caution!

__metadata:
  version: 9
  cacheKey: 10c0

"fixture-workspace-a@workspace:packages/a":
  version: 0.0.0-use.local
  resolution: "fixture-workspace-a@workspace:packages/a"
  dependencies:
    semver: "npm:^7.0.0"
  languageName: unknown
  linkType: soft

"fixture-workspace-b@workspace:packages/b":
  version: 0.0.0-use.local
  resolution: "fixture-workspace-b@workspace:packages/b"
  dependencies:
    semver: "npm:^6.0.0"
  languageName: unknown
  linkType: soft

"fixtures-invalid-workspace-dependencies@workspace:.":
  version: 0.0.0-use.local
  resolution: "fixtures-invalid-workspace-dependencies@workspace:."
  languageName: unknown
  linkType: soft

"semver@npm:^6.0.0":
  version: 6.3.1
  resolution: "semver@npm:6.3.1"
  bin:
    semver: bin/semver.js
  checksum: 10c0/e3d79b609071caa78bcb6ce2ad81c7966a46a7431d9d58b8800cfa9cb6a63699b3899a0e4bcce36167a284578212d9ae6942b6929ba4aa5015c079a67751d42d
  languageName: node
  linkType: hard

"semver@npm:^7.0.0":
  version: 7.8.1
  resolution: "semver@npm:7.8.1"
  bin:
    semver: bin/semver.js
  checksum: 10c0/92d6871d6347e1f99d0ba396a70f2545ccf2a032cda3d378fa0699edf7506b5c6d266aed55c8b88e72bd91a30d2351e4f39db479375374430fcdc4b58f4e3c1a
  languageName: node
  linkType: hard
